
Microsoft Visual Studio Solution File, Format Version 12.00
Project("{FAE04EC0-301F-11D3-BF4B-00C04F79EFBC}") = "Map", "Map\Map.csproj", "{B0548CB8-F75F-439F-892E-E67116D186EE}"
EndProject
Project("{2150E333-8FDC-42A3-9474-1A3956D46DE8}") = "src", "src", "{AD3C5A95-2C70-4A78-AE8B-580815C0FA3C}"
EndProject
Project("{FAE04EC0-301F-11D3-BF4B-00C04F79EFBC}") = "Players", "Players\Players.csproj", "{3C7CC033-B597-4C0C-A472-2F228294B09C}"
EndProject
Global
	GlobalSection(SolutionConfigurationPlatforms) = preSolution
		Debug|Any CPU = Debug|Any CPU
		Release|Any CPU = Release|Any CPU
	EndGlobalSection
	GlobalSection(ProjectConfigurationPlatforms) = postSolution
		{B0548CB8-F75F-439F-892E-E67116D186EE}.Debug|Any CPU.ActiveCfg = Debug|Any CPU
		{B0548CB8-F75F-439F-892E-E67116D186EE}.Debug|Any CPU.Build.0 = Debug|Any CPU
		{B0548CB8-F75F-439F-892E-E67116D186EE}.Release|Any CPU.ActiveCfg = Release|Any CPU
		{B0548CB8-F75F-439F-892E-E67116D186EE}.Release|Any CPU.Build.0 = Release|Any CPU
		{3C7CC033-B597-4C0C-A472-2F228294B09C}.Debug|Any CPU.ActiveCfg = Debug|Any CPU
		{3C7CC033-B597-4C0C-A472-2F228294B09C}.Debug|Any CPU.Build.0 = Debug|Any CPU
		{3C7CC033-B597-4C0C-A472-2F228294B09C}.Release|Any CPU.ActiveCfg = Release|Any CPU
		{3C7CC033-B597-4C0C-A472-2F228294B09C}.Release|Any CPU.Build.0 = Release|Any CPU
	EndGlobalSection
	GlobalSection(NestedProjects) = preSolution
		{B0548CB8-F75F-439F-892E-E67116D186EE} = {AD3C5A95-2C70-4A78-AE8B-580815C0FA3C}
		{3C7CC033-B597-4C0C-A472-2F228294B09C} = {AD3C5A95-2C70-4A78-AE8B-580815C0FA3C}
	EndGlobalSection
EndGlobal
